
Microsoft Visual Studio Solution File, Format Version 12.00
# Visual Studio Version 17
VisualStudioVersion = 17.0.32126.317
MinimumVisualStudioVersion = 10.0.40219.1
Project("{FAE04EC0-301F-11D3-BF4B-00C04F79EFBC}") = "Demo", "Demo\Demo.csproj", "{6564D957-427A-41BD-89EE-0DBE275D6796}"
EndProject
Global
	GlobalSection(SolutionConfigurationPlatforms) = preSolution
		Debug|Any CPU = Debug|Any CPU
		Release|Any CPU = Release|Any CPU
	EndGlobalSection
	GlobalSection(ProjectConfigurationPlatforms) = postSolution
		{6564D957-427A-41BD-89EE-0DBE275D6796}.Debug|Any CPU.ActiveCfg = Debug|Any CPU
		{6564D957-427A-41BD-89EE-0DBE275D6796}.Debug|Any CPU.Build.0 = Debug|Any CPU
		{6564D957-427A-41BD-89EE-0DBE275D6796}.Release|Any CPU.ActiveCfg = Release|Any CPU
		{6564D957-427A-41BD-89EE-0DBE275D6796}.Release|Any CPU.Build.0 = Release|Any CPU
	EndGlobalSection
	GlobalSection(SolutionProperties) = preSolution
		HideSolutionNode = FALSE
	EndGlobalSection
	GlobalSection(ExtensibilityGlobals) = postSolution
		SolutionGuid = {08EE7003-2156-4482-93D4-8A3025DCC0E8}
	EndGlobalSection
EndGlobal
